
Microsoft Visual Studio Solution File, Format Version 12.00
# Visual Studio 15
Project("{FAE04EC0-301F-11D3-BF4B-00C04F79EFBC}") = "Examen.Android", "Examen.Android\Examen.Android.csproj", "{32C0B89B-457F-4FBA-A1D8-39F34A1BC5E7}"
EndProject
Project("{FAE04EC0-301F-11D3-BF4B-00C04F79EFBC}") = "Examen.iOS", "Examen.iOS\Examen.iOS.csproj", "{3DF311EC-E409-4AC9-9AB3-417F6D87E49B}"
EndProject
Project("{FAE04EC0-301F-11D3-BF4B-00C04F79EFBC}") = "Examen", "Examen\Examen.csproj", "{0DC14C9B-ACD4-43B5-BE5D-2D4B335B4BB7}"
EndProject
Project("{2150E333-8FDC-42A3-9474-1A3956D46DE8}") = "Solution Items", "Solution Items", "{9CD1A642-0ECA-44B7-8FBE-6385F61145F5}"
EndProject
Global
	GlobalSection(SolutionConfigurationPlatforms) = preSolution
		Debug|Any CPU = Debug|Any CPU
		Release|Any CPU = Release|Any CPU
		Debug|iPhoneSimulator = Debug|iPhoneSimulator
		Release|iPhoneSimulator = Release|iPhoneSimulator
		Debug|iPhone = Debug|iPhone
		Release|iPhone = Release|iPhone
		Ad-Hoc|iPhone = Ad-Hoc|iPhone
		AppStore|iPhone = AppStore|iPhone
	EndGlobalSection
	GlobalSection(ProjectConfigurationPlatforms) = postSolution
		{32C0B89B-457F-4FBA-A1D8-39F34A1BC5E7}.Debug|Any CPU.ActiveCfg = Debug|Any CPU
		{32C0B89B-457F-4FBA-A1D8-39F34A1BC5E7}.Debug|Any CPU.Build.0 = Debug|Any CPU
		{32C0B89B-457F-4FBA-A1D8-39F34A1BC5E7}.Release|Any CPU.ActiveCfg = Release|Any CPU
		{32C0B89B-457F-4FBA-A1D8-39F34A1BC5E7}.Release|Any CPU.Build.0 = Release|Any CPU
		{32C0B89B-457F-4FBA-A1D8-39F34A1BC5E7}.Debug|iPhoneSimulator.ActiveCfg = Debug|Any CPU
		{32C0B89B-457F-4FBA-A1D8-39F34A1BC5E7}.Debug|iPhoneSimulator.Build.0 = Debug|Any CPU
		{32C0B89B-457F-4FBA-A1D8-39F34A1BC5E7}.Release|iPhoneSimulator.ActiveCfg = Release|Any CPU
		{32C0B89B-457F-4FBA-A1D8-39F34A1BC5E7}.Release|iPhoneSimulator.Build.0 = Release|Any CPU
		{32C0B89B-457F-4FBA-A1D8-39F34A1BC5E7}.Debug|iPhone.ActiveCfg = Debug|Any CPU
		{32C0B89B-457F-4FBA-A1D8-39F34A1BC5E7}.Debug|iPhone.Build.0 = Debug|Any CPU
		{32C0B89B-457F-4FBA-A1D8-39F34A1BC5E7}.Release|iPhone.ActiveCfg = Release|Any CPU
		{32C0B89B-457F-4FBA-A1D8-39F34A1BC5E7}.Release|iPhone.Build.0 = Release|Any CPU
		{32C0B89B-457F-4FBA-A1D8-39F34A1BC5E7}.Ad-Hoc|iPhone.ActiveCfg = Debug|Any CPU
		{32C0B89B-457F-4FBA-A1D8-39F34A1BC5E7}.Ad-Hoc|iPhone.Build.0 = Debug|Any CPU
		{32C0B89B-457F-4FBA-A1D8-39F34A1BC5E7}.AppStore|iPhone.ActiveCfg = Debug|Any CPU
		{32C0B89B-457F-4FBA-A1D8-39F34A1BC5E7}.AppStore|iPhone.Build.0 = Debug|Any CPU
		{3DF311EC-E409-4AC9-9AB3-417F6D87E49B}.Debug|Any CPU.ActiveCfg = Debug|iPhoneSimulator
		{3DF311EC-E409-4AC9-9AB3-417F6D87E49B}.Debug|Any CPU.Build.0 = Debug|iPhoneSimulator
		{3DF311EC-E409-4AC9-9AB3-417F6D87E49B}.Release|Any CPU.ActiveCfg = Release|iPhoneSimulator
		{3DF311EC-E409-4AC9-9AB3-417F6D87E49B}.Release|Any CPU.Build.0 = Release|iPhoneSimulator
		{3DF311EC-E409-4AC9-9AB3-417F6D87E49B}.Debug|iPhoneSimulator.ActiveCfg = Debug|iPhoneSimulator
		{3DF311EC-E409-4AC9-9AB3-417F6D87E49B}.Debug|iPhoneSimulator.Build.0 = Debug|iPhoneSimulator
		{3DF311EC-E409-4AC9-9AB3-417F6D87E49B}.Release|iPhoneSimulator.ActiveCfg = Release|iPhoneSimulator
		{3DF311EC-E409-4AC9-9AB3-417F6D87E49B}.Release|iPhoneSimulator.Build.0 = Release|iPhoneSimulator
		{3DF311EC-E409-4AC9-9AB3-417F6D87E49B}.Debug|iPhone.ActiveCfg = Debug|iPhone
		{3DF311EC-E409-4AC9-9AB3-417F6D87E49B}.Debug|iPhone.Build.0 = Debug|iPhone
		{3DF311EC-E409-4AC9-9AB3-417F6D87E49B}.Release|iPhone.ActiveCfg = Release|iPhone
		{3DF311EC-E409-4AC9-9AB3-417F6D87E49B}.Release|iPhone.Build.0 = Release|iPhone
		{3DF311EC-E409-4AC9-9AB3-417F6D87E49B}.Ad-Hoc|iPhone.ActiveCfg = Ad-Hoc|iPhone
		{3DF311EC-E409-4AC9-9AB3-417F6D87E49B}.Ad-Hoc|iPhone.Build.0 = Ad-Hoc|iPhone
		{3DF311EC-E409-4AC9-9AB3-417F6D87E49B}.AppStore|iPhone.ActiveCfg = AppStore|iPhone
		{3DF311EC-E409-4AC9-9AB3-417F6D87E49B}.AppStore|iPhone.Build.0 = AppStore|iPhone
		{0DC14C9B-ACD4-43B5-BE5D-2D4B335B4BB7}.Debug|Any CPU.ActiveCfg = Debug|Any CPU
		{0DC14C9B-ACD4-43B5-BE5D-2D4B335B4BB7}.Debug|Any CPU.Build.0 = Debug|Any CPU
		{0DC14C9B-ACD4-43B5-BE5D-2D4B335B4BB7}.Release|Any CPU.ActiveCfg = Release|Any CPU
		{0DC14C9B-ACD4-43B5-BE5D-2D4B335B4BB7}.Release|Any CPU.Build.0 = Release|Any CPU
		{0DC14C9B-ACD4-43B5-BE5D-2D4B335B4BB7}.Debug|iPhoneSimulator.ActiveCfg = Debug|Any CPU
		{0DC14C9B-ACD4-43B5-BE5D-2D4B335B4BB7}.Debug|iPhoneSimulator.Build.0 = Debug|Any CPU
		{0DC14C9B-ACD4-43B5-BE5D-2D4B335B4BB7}.Release|iPhoneSimulator.ActiveCfg = Release|Any CPU
		{0DC14C9B-ACD4-43B5-BE5D-2D4B335B4BB7}.Release|iPhoneSimulator.Build.0 = Release|Any CPU
		{0DC14C9B-ACD4-43B5-BE5D-2D4B335B4BB7}.Debug|iPhone.ActiveCfg = Debug|Any CPU
		{0DC14C9B-ACD4-43B5-BE5D-2D4B335B4BB7}.Debug|iPhone.Build.0 = Debug|Any CPU
		{0DC14C9B-ACD4-43B5-BE5D-2D4B335B4BB7}.Release|iPhone.ActiveCfg = Release|Any CPU
		{0DC14C9B-ACD4-43B5-BE5D-2D4B335B4BB7}.Release|iPhone.Build.0 = Release|Any CPU
		{0DC14C9B-ACD4-43B5-BE5D-2D4B335B4BB7}.Ad-Hoc|iPhone.ActiveCfg = Debug|Any CPU
		{0DC14C9B-ACD4-43B5-BE5D-2D4B335B4BB7}.Ad-Hoc|iPhone.Build.0 = Debug|Any CPU
		{0DC14C9B-ACD4-43B5-BE5D-2D4B335B4BB7}.AppStore|iPhone.ActiveCfg = Debug|Any CPU
		{0DC14C9B-ACD4-43B5-BE5D-2D4B335B4BB7}.AppStore|iPhone.Build.0 = Debug|Any CPU
	EndGlobalSection
EndGlobal
